// !$*UTF8*$!
{
	archiveVersion = 1;
	classes = {
	};
	objectVersion = 46;
	objects = {

/* Begin PBXBuildFile section */
		AE8BBAAF1BAA8C09002ABAE3 /* AppDelegate.swift in Sources */ = {isa = PBXBuildFile; fileRef = AE8BBAAE1BAA8C09002ABAE3 /* AppDelegate.swift */; };
		AE8BBAB11BAA8C0A002ABAE3 /* ViewController.swift in Sources */ = {isa = PBXBuildFile; fileRef = AE8BBAB01BAA8C09002ABAE3 /* ViewController.swift */; };
		AE8BBAB41BAA8C0A002ABAE3 /* Main.storyboard in Resources */ = {isa = PBXBuildFile; fileRef = AE8BBAB21BAA8C0A002ABAE3 /* Main.storyboard */; };
		AE8BBAB61BAA8C0A002ABAE3 /* Assets.xcassets in Resources */ = {isa = PBXBuildFile; fileRef = AE8BBAB51BAA8C0A002ABAE3 /* Assets.xcassets */; };
		AE8BBAB91BAA8C0A002ABAE3 /* LaunchScreen.storyboard in Resources */ = {isa = PBXBuildFile; fileRef = AE8BBAB71BAA8C0A002ABAE3 /* LaunchScreen.storyboard */; };
		AE8BBAC41BAA8C0A002ABAE3 /* DropboxTests.swift in Sources */ = {isa = PBXBuildFile; fileRef = AE8BBAC31BAA8C0A002ABAE3 /* DropboxTests.swift */; };
		AE8BBACF1BAA8C0A002ABAE3 /* DropboxUITests.swift in Sources */ = {isa = PBXBuildFile; fileRef = AE8BBACE1BAA8C0A002ABAE3 /* DropboxUITests.swift */; };
/* End PBXBuildFile section */

/* Begin PBXContainerItemProxy section */
		AE8BBAC01BAA8C0A002ABAE3 /* PBXContainerItemProxy */ = {
			isa = PBXContainerItemProxy;
			containerPortal = AE8BBAA31BAA8C09002ABAE3 /* Project object */;
			proxyType = 1;
			remoteGlobalIDString = AE8BBAAA1BAA8C09002ABAE3;
			remoteInfo = Dropbox;
		};
		AE8BBACB1BAA8C0A002ABAE3 /* PBXContainerItemProxy */ = {
			isa = PBXContainerItemProxy;
			containerPortal = AE8BBAA31BAA8C09002ABAE3 /* Project object */;
			proxyType = 1;
			remoteGlobalIDString = AE8BBAAA1BAA8C09002ABAE3;
			remoteInfo = Dropbox;
		};
/* End PBXContainerItemProxy section */

/* Begin PBXFileReference section */
		AE8BBAAB1BAA8C09002ABAE3 /* Dropbox.app */ = {isa = PBXFileReference; explicitFileType = wrapper.application; includeInIndex = 0; path = Dropbox.app; sourceTree = BUILT_PRODUCTS_DIR; };
		AE8BBAAE1BAA8C09002ABAE3 /* AppDelegate.swift */ = {isa = PBXFileReference; lastKnownFileType = sourcecode.swift; path = AppDelegate.swift; sourceTree = "<group>"; };
		AE8BBAB01BAA8C09002ABAE3 /* ViewController.swift */ = {isa = PBXFileReference; lastKnownFileType = sourcecode.swift; path = ViewController.swift; sourceTree = "<group>"; };
		AE8BBAB31BAA8C0A002ABAE3 /* Base */ = {isa = PBXFileReference; lastKnownFileType = file.storyboard; name = Base; path = Base.lproj/Main.storyboard; sourceTree = "<group>"; };
		AE8BBAB51BAA8C0A002ABAE3 /* Assets.xcassets */ = {isa = PBXFileReference; lastKnownFileType = folder.assetcatalog; path = Assets.xcassets; sourceTree = "<group>"; };
		AE8BBAB81BAA8C0A002ABAE3 /* Base */ = {isa = PBXFileReference; lastKnownFileType = file.storyboard; name = Base; path = Base.lproj/LaunchScreen.storyboard; sourceTree = "<group>"; };
		AE8BBABA1BAA8C0A002ABAE3 /* Info.plist */ = {isa = PBXFileReference; lastKnownFileType = text.plist.xml; path = Info.plist; sourceTree = "<group>"; };
		AE8BBABF1BAA8C0A002ABAE3 /* DropboxTests.xctest */ = {isa = PBXFileReference; explicitFileType = wrapper.cfbundle; includeInIndex = 0; path = DropboxTests.xctest; sourceTree = BUILT_PRODUCTS_DIR; };
		AE8BBAC31BAA8C0A002ABAE3 /* DropboxTests.swift */ = {isa = PBXFileReference; lastKnownFileType = sourcecode.swift; path = DropboxTests.swift; sourceTree = "<group>"; };
		AE8BBAC51BAA8C0A002ABAE3 /* Info.plist */ = {isa = PBXFileReference; lastKnownFileType = text.plist.xml; path = Info.plist; sourceTree = "<group>"; };
		AE8BBACA1BAA8C0A002ABAE3 /* DropboxUITests.xctest */ = {isa = PBXFileReference; explicitFileType = wrapper.cfbundle; includeInIndex = 0; path = DropboxUITests.xctest; sourceTree = BUILT_PRODUCTS_DIR; };
		AE8BBACE1BAA8C0A002ABAE3 /* DropboxUITests.swift */ = {isa = PBXFileReference; lastKnownFileType = sourcecode.swift; path = DropboxUITests.swift; sourceTree = "<group>"; };
		AE8BBAD01BAA8C0A002ABAE3 /* Info.plist */ = {isa = PBXFileReference; lastKnownFileType = text.plist.xml; path = Info.plist; sourceTree = "<group>"; };
/* End PBXFileReference section */

/* Begin PBXFrameworksBuildPhase section */
		AE8BBAA81BAA8C09002ABAE3 /* Frameworks */ = {
			isa = PBXFrameworksBuildPhase;
			buildActionMask = 2147483647;
			files = (
			);
			runOnlyForDeploymentPostprocessing = 0;
		};
		AE8BBABC1BAA8C0A002ABAE3 /* Frameworks */ = {
			isa = PBXFrameworksBuildPhase;
			buildActionMask = 2147483647;
			files = (
			);
			runOnlyForDeploymentPostprocessing = 0;
		};
		AE8BBAC71BAA8C0A002ABAE3 /* Frameworks */ = {
			isa = PBXFrameworksBuildPhase;
			buildActionMask = 2147483647;
			files = (
			);
			runOnlyForDeploymentPostprocessing = 0;
		};
/* End PBXFrameworksBuildPhase section */

/* Begin PBXGroup section */
		AE8BBAA21BAA8C09002ABAE3 = {
			isa = PBXGroup;
			children = (
				AE8BBAAD1BAA8C09002ABAE3 /* Dropbox */,
				AE8BBAC21BAA8C0A002ABAE3 /* DropboxTests */,
				AE8BBACD1BAA8C0A002ABAE3 /* DropboxUITests */,
				AE8BBAAC1BAA8C09002ABAE3 /* Products */,
			);
			sourceTree = "<group>";
		};
		AE8BBAAC1BAA8C09002ABAE3 /* Products */ = {
			isa = PBXGroup;
			children = (
				AE8BBAAB1BAA8C09002ABAE3 /* Dropbox.app */,
				AE8BBABF1BAA8C0A002ABAE3 /* DropboxTests.xctest */,
				AE8BBACA1BAA8C0A002ABAE3 /* DropboxUITests.xctest */,
			);
			name = Products;
			sourceTree = "<group>";
		};
		AE8BBAAD1BAA8C09002ABAE3 /* Dropbox */ = {
			isa = PBXGroup;
			children = (
				AE8BBAAE1BAA8C09002ABAE3 /* AppDelegate.swift */,
				AE8BBAB01BAA8C09002ABAE3 /* ViewController.swift */,
				AE8BBAB21BAA8C0A002ABAE3 /* Main.storyboard */,
				AE8BBAB51BAA8C0A002ABAE3 /* Assets.xcassets */,
				AE8BBAB71BAA8C0A002ABAE3 /* LaunchScreen.storyboard */,
				AE8BBABA1BAA8C0A002ABAE3 /* Info.plist */,
			);
			path = Dropbox;
			sourceTree = "<group>";
		};
		AE8BBAC21BAA8C0A002ABAE3 /* DropboxTests */ = {
			isa = PBXGroup;
			children = (
				AE8BBAC31BAA8C0A002ABAE3 /* DropboxTests.swift */,
				AE8BBAC51BAA8C0A002ABAE3 /* Info.plist */,
			);
			path = DropboxTests;
			sourceTree = "<group>";
		};
		AE8BBACD1BAA8C0A002ABAE3 /* DropboxUITests */ = {
			isa = PBXGroup;
			children = (
				AE8BBACE1BAA8C0A002ABAE3 /* DropboxUITests.swift */,
				AE8BBAD01BAA8C0A002ABAE3 /* Info.plist */,
			);
			path = DropboxUITests;
			sourceTree = "<group>";
		};
/* End PBXGroup section */

/* Begin PBXNativeTarget section */
		AE8BBAAA1BAA8C09002ABAE3 /* Dropbox */ = {
			isa = PBXNativeTarget;
			buildConfigurationList = AE8BBAD31BAA8C0A002ABAE3 /* Build configuration list for PBXNativeTarget "Dropbox" */;
			buildPhases = (
				AE8BBAA71BAA8C09002ABAE3 /* Sources */,
				AE8BBAA81BAA8C09002ABAE3 /* Frameworks */,
				AE8BBAA91BAA8C09002ABAE3 /* Resources */,
			);
			buildRules = (
			);
			dependencies = (
			);
			name = Dropbox;
			productName = Dropbox;
			productReference = AE8BBAAB1BAA8C09002ABAE3 /* Dropbox.app */;
			productType = "com.apple.product-type.application";
		};
		AE8BBABE1BAA8C0A002ABAE3 /* DropboxTests */ = {
			isa = PBXNativeTarget;
			buildConfigurationList = AE8BBAD61BAA8C0A002ABAE3 /* Build configuration list for PBXNativeTarget "DropboxTests" */;
			buildPhases = (
				AE8BBABB1BAA8C0A002ABAE3 /* Sources */,
				AE8BBABC1BAA8C0A002ABAE3 /* Frameworks */,
				AE8BBABD1BAA8C0A002ABAE3 /* Resources */,
			);
			buildRules = (
			);
			dependencies = (
				AE8BBAC11BAA8C0A002ABAE3 /* PBXTargetDependency */,
			);
			name = DropboxTests;
			productName = DropboxTests;
			productReference = AE8BBABF1BAA8C0A002ABAE3 /* DropboxTests.xctest */;
			productType = "com.apple.product-type.bundle.unit-test";
		};
		AE8BBAC91BAA8C0A002ABAE3 /* DropboxUITests */ = {
			isa = PBXNativeTarget;
			buildConfigurationList = AE8BBAD91BAA8C0A002ABAE3 /* Build configuration list for PBXNativeTarget "DropboxUITests" */;
			buildPhases = (
				AE8BBAC61BAA8C0A002ABAE3 /* Sources */,
				AE8BBAC71BAA8C0A002ABAE3 /* Frameworks */,
				AE8BBAC81BAA8C0A002ABAE3 /* Resources */,
			);
			buildRules = (
			);
			dependencies = (
				AE8BBACC1BAA8C0A002ABAE3 /* PBXTargetDependency */,
			);
			name = DropboxUITests;
			productName = DropboxUITests;
			productReference = AE8BBACA1BAA8C0A002ABAE3 /* DropboxUITests.xctest */;
			productType = "com.apple.product-type.bundle.ui-testing";
		};
/* End PBXNativeTarget section */

/* Begin PBXProject section */
		AE8BBAA31BAA8C09002ABAE3 /* Project object */ = {
			isa = PBXProject;
			attributes = {
				LastUpgradeCheck = 0700;
				ORGANIZATIONNAME = "Lin Wang";
				TargetAttributes = {
					AE8BBAAA1BAA8C09002ABAE3 = {
						CreatedOnToolsVersion = 7.0;
						DevelopmentTeam = VXY73MHVXW;
					};
					AE8BBABE1BAA8C0A002ABAE3 = {
						CreatedOnToolsVersion = 7.0;
						DevelopmentTeam = VXY73MHVXW;
						TestTargetID = AE8BBAAA1BAA8C09002ABAE3;
					};
					AE8BBAC91BAA8C0A002ABAE3 = {
						CreatedOnToolsVersion = 7.0;
						DevelopmentTeam = VXY73MHVXW;
						TestTargetID = AE8BBAAA1BAA8C09002ABAE3;
					};
				};
			};
			buildConfigurationList = AE8BBAA61BAA8C09002ABAE3 /* Build configuration list for PBXProject "Dropbox" */;
			compatibilityVersion = "Xcode 3.2";
			developmentRegion = English;
			hasScannedForEncodings = 0;
			knownRegions = (
				en,
				Base,
			);
			mainGroup = AE8BBAA21BAA8C09002ABAE3;
			productRefGroup = AE8BBAAC1BAA8C09002ABAE3 /* Products */;
			projectDirPath = "";
			projectRoot = "";
			targets = (
				AE8BBAAA1BAA8C09002ABAE3 /* Dropbox */,
				AE8BBABE1BAA8C0A002ABAE3 /* DropboxTests */,
				AE8BBAC91BAA8C0A002ABAE3 /* DropboxUITests */,
			);
		};
/* End PBXProject section */

/* Begin PBXResourcesBuildPhase section */
		AE8BBAA91BAA8C09002ABAE3 /* Resources */ = {
			isa = PBXResourcesBuildPhase;
			buildActionMask = 2147483647;
			files = (
				AE8BBAB91BAA8C0A002ABAE3 /* LaunchScreen.storyboard in Resources */,
				AE8BBAB61BAA8C0A002ABAE3 /* Assets.xcassets in Resources */,
				AE8BBAB41BAA8C0A002ABAE3 /* Main.storyboard in Resources */,
			);
			runOnlyForDeploymentPostprocessing = 0;
		};
		AE8BBABD1BAA8C0A002ABAE3 /* Resources */ = {
			isa = PBXResourcesBuildPhase;
			buildActionMask = 2147483647;
			files = (
			);
			runOnlyForDeploymentPostprocessing = 0;
		};
		AE8BBAC81BAA8C0A002ABAE3 /* Resources */ = {
			isa = PBXResourcesBuildPhase;
			buildActionMask = 2147483647;
			files = (
			);
			runOnlyForDeploymentPostprocessing = 0;
		};
/* End PBXResourcesBuildPhase section */

/* Begin PBXSourcesBuildPhase section */
		AE8BBAA71BAA8C09002ABAE3 /* Sources */ = {
			isa = PBXSourcesBuildPhase;
			buildActionMask = 2147483647;
			files = (
				AE8BBAB11BAA8C0A002ABAE3 /* ViewController.swift in Sources */,
				AE8BBAAF1BAA8C09002ABAE3 /* AppDelegate.swift in Sources */,
			);
			runOnlyForDeploymentPostprocessing = 0;
		};
		AE8BBABB1BAA8C0A002ABAE3 /* Sources */ = {
			isa = PBXSourcesBuildPhase;
			buildActionMask = 2147483647;
			files = (
				AE8BBAC41BAA8C0A002ABAE3 /* DropboxTests.swift in Sources */,
			);
			runOnlyForDeploymentPostprocessing = 0;
		};
		AE8BBAC61BAA8C0A002ABAE3 /* Sources */ = {
			isa = PBXSourcesBuildPhase;
			buildActionMask = 2147483647;
			files = (
				AE8BBACF1BAA8C0A002ABAE3 /* DropboxUITests.swift in Sources */,
			);
			runOnlyForDeploymentPostprocessing = 0;
		};
/* End PBXSourcesBuildPhase section */

/* Begin PBXTargetDependency section */
		AE8BBAC11BAA8C0A002ABAE3 /* PBXTargetDependency */ = {
			isa = PBXTargetDependency;
			target = AE8BBAAA1BAA8C09002ABAE3 /* Dropbox */;
			targetProxy = AE8BBAC01BAA8C0A002ABAE3 /* PBXContainerItemProxy */;
		};
		AE8BBACC1BAA8C0A002ABAE3 /* PBXTargetDependency */ = {
			isa = PBXTargetDependency;
			target = AE8BBAAA1BAA8C09002ABAE3 /* Dropbox */;
			targetProxy = AE8BBACB1BAA8C0A002ABAE3 /* PBXContainerItemProxy */;
		};
/* End PBXTargetDependency section */

/* Begin PBXVariantGroup section */
		AE8BBAB21BAA8C0A002ABAE3 /* Main.storyboard */ = {
			isa = PBXVariantGroup;
			children = (
				AE8BBAB31BAA8C0A002ABAE3 /* Base */,
			);
			name = Main.storyboard;
			sourceTree = "<group>";
		};
		AE8BBAB71BAA8C0A002ABAE3 /* LaunchScreen.storyboard */ = {
			isa = PBXVariantGroup;
			children = (
				AE8BBAB81BAA8C0A002ABAE3 /* Base */,
			);
			name = LaunchScreen.storyboard;
			sourceTree = "<group>";
		};
/* End PBXVariantGroup section */

/* Begin XCBuildConfiguration section */
		AE8BBAD11BAA8C0A002ABAE3 /* Debug */ = {
			isa = XCBuildConfiguration;
			buildSettings = {
				ALWAYS_SEARCH_USER_PATHS = NO;
				CLANG_CXX_LANGUAGE_STANDARD = "gnu++0x";
				CLANG_CXX_LIBRARY = "libc++";
				CLANG_ENABLE_MODULES = YES;
				CLANG_ENABLE_OBJC_ARC = YES;
				CLANG_WARN_BOOL_CONVERSION = YES;
				CLANG_WARN_CONSTANT_CONVERSION = YES;
				CLANG_WARN_DIRECT_OBJC_ISA_USAGE = YES_ERROR;
				CLANG_WARN_EMPTY_BODY = YES;
				CLANG_WARN_ENUM_CONVERSION = YES;
				CLANG_WARN_INT_CONVERSION = YES;
				CLANG_WARN_OBJC_ROOT_CLASS = YES_ERROR;
				CLANG_WARN_UNREACHABLE_CODE = YES;
				CLANG_WARN__DUPLICATE_METHOD_MATCH = YES;
				"CODE_SIGN_IDENTITY[sdk=iphoneos*]" = "iPhone Developer";
				COPY_PHASE_STRIP = NO;
				DEBUG_INFORMATION_FORMAT = dwarf;
				ENABLE_STRICT_OBJC_MSGSEND = YES;
				ENABLE_TESTABILITY = YES;
				GCC_C_LANGUAGE_STANDARD = gnu99;
				GCC_DYNAMIC_NO_PIC = NO;
				GCC_NO_COMMON_BLOCKS = YES;
				GCC_OPTIMIZATION_LEVEL = 0;
				GCC_PREPROCESSOR_DEFINITIONS = (
					"DEBUG=1",
					"$(inherited)",
				);
				GCC_WARN_64_TO_32_BIT_CONVERSION = YES;
				GCC_WARN_ABOUT_RETURN_TYPE = YES_ERROR;
				GCC_WARN_UNDECLARED_SELECTOR = YES;
				GCC_WARN_UNINITIALIZED_AUTOS = YES_AGGRESSIVE;
				GCC_WARN_UNUSED_FUNCTION = YES;
				GCC_WARN_UNUSED_VARIABLE = YES;
				IPHONEOS_DEPLOYMENT_TARGET = 9.0;
				MTL_ENABLE_DEBUG_INFO = YES;
				ONLY_ACTIVE_ARCH = YES;
				SDKROOT = iphoneos;
				SWIFT_OPTIMIZATION_LEVEL = "-Onone";
			};
			name = Debug;
		};
		AE8BBAD21BAA8C0A002ABAE3 /* Release */ = {
			isa = XCBuildConfiguration;
			buildSettings = {
				ALWAYS_SEARCH_USER_PATHS = NO;
				CLANG_CXX_LANGUAGE_STANDARD = "gnu++0x";
				CLANG_CXX_LIBRARY = "libc++";
				CLANG_ENABLE_MODULES = YES;
				CLANG_ENABLE_OBJC_ARC = YES;
				CLANG_WARN_BOOL_CONVERSION = YES;
				CLANG_WARN_CONSTANT_CONVERSION = YES;
				CLANG_WARN_DIRECT_OBJC_ISA_USAGE = YES_ERROR;
				CLANG_WARN_EMPTY_BODY = YES;
				CLANG_WARN_ENUM_CONVERSION = YES;
				CLANG_WARN_INT_CONVERSION = YES;
				CLANG_WARN_OBJC_ROOT_CLASS = YES_ERROR;
				CLANG_WARN_UNREACHABLE_CODE = YES;
				CLANG_WARN__DUPLICATE_METHOD_MATCH = YES;
				"CODE_SIGN_IDENTITY[sdk=iphoneos*]" = "iPhone Developer";
				COPY_PHASE_STRIP = NO;
				DEBUG_INFORMATION_FORMAT = "dwarf-with-dsym";
				ENABLE_NS_ASSERTIONS = NO;
				ENABLE_STRICT_OBJC_MSGSEND = YES;
				GCC_C_LANGUAGE_STANDARD = gnu99;
				GCC_NO_COMMON_BLOCKS = YES;
				GCC_WARN_64_TO_32_BIT_CONVERSION = YES;
				GCC_WARN_ABOUT_RETURN_TYPE = YES_ERROR;
				GCC_WARN_UNDECLARED_SELECTOR = YES;
				GCC_WARN_UNINITIALIZED_AUTOS = YES_AGGRESSIVE;
				GCC_WARN_UNUSED_FUNCTION = YES;
				GCC_WARN_UNUSED_VARIABLE = YES;
				IPHONEOS_DEPLOYMENT_TARGET = 9.0;
				MTL_ENABLE_DEBUG_INFO = NO;
				SDKROOT = iphoneos;
				VALIDATE_PRODUCT = YES;
			};
			name = Release;
		};
		AE8BBAD41BAA8C0A002ABAE3 /* Debug */ = {
			isa = XCBuildConfiguration;
			buildSettings = {
				ASSETCATALOG_COMPILER_APPICON_NAME = AppIcon;
				INFOPLIST_FILE = Dropbox/Info.plist;
				LD_RUNPATH_SEARCH_PATHS = "$(inherited) @executable_path/Frameworks";
				PRODUCT_BUNDLE_IDENTIFIER = "Lin-Wang.Dropbox";
				PRODUCT_NAME = "$(TARGET_NAME)";
			};
			name = Debug;
		};
		AE8BBAD51BAA8C0A002ABAE3 /* Release */ = {
			isa = XCBuildConfiguration;
			buildSettings = {
				ASSETCATALOG_COMPILER_APPICON_NAME = AppIcon;
				INFOPLIST_FILE = Dropbox/Info.plist;
				LD_RUNPATH_SEARCH_PATHS = "$(inherited) @executable_path/Frameworks";
				PRODUCT_BUNDLE_IDENTIFIER = "Lin-Wang.Dropbox";
				PRODUCT_NAME = "$(TARGET_NAME)";
			};
			name = Release;
		};
		AE8BBAD71BAA8C0A002ABAE3 /* Debug */ = {
			isa = XCBuildConfiguration;
			buildSettings = {
				BUNDLE_LOADER = "$(TEST_HOST)";
				INFOPLIST_FILE = DropboxTests/Info.plist;
				LD_RUNPATH_SEARCH_PATHS = "$(inherited) @executable_path/Frameworks @loader_path/Frameworks";
				PRODUCT_BUNDLE_IDENTIFIER = "Lin-Wang.DropboxTests";
				PRODUCT_NAME = "$(TARGET_NAME)";
				TEST_HOST = "$(BUILT_PRODUCTS_DIR)/Dropbox.app/Dropbox";
			};
			name = Debug;
		};
		AE8BBAD81BAA8C0A002ABAE3 /* Release */ = {
			isa = XCBuildConfiguration;
			buildSettings = {
				BUNDLE_LOADER = "$(TEST_HOST)";
				INFOPLIST_FILE = DropboxTests/Info.plist;
				LD_RUNPATH_SEARCH_PATHS = "$(inherited) @executable_path/Frameworks @loader_path/Frameworks";
				PRODUCT_BUNDLE_IDENTIFIER = "Lin-Wang.DropboxTests";
				PRODUCT_NAME = "$(TARGET_NAME)";
				TEST_HOST = "$(BUILT_PRODUCTS_DIR)/Dropbox.app/Dropbox";
			};
			name = Release;
		};
		AE8BBADA1BAA8C0A002ABAE3 /* Debug */ = {
			isa = XCBuildConfiguration;
			buildSettings = {
				INFOPLIST_FILE = DropboxUITests/Info.plist;
				LD_RUNPATH_SEARCH_PATHS = "$(inherited) @executable_path/Frameworks @loader_path/Frameworks";
				PRODUCT_BUNDLE_IDENTIFIER = "Lin-Wang.DropboxUITests";
				PRODUCT_NAME = "$(TARGET_NAME)";
				TEST_TARGET_NAME = Dropbox;
				USES_XCTRUNNER = YES;
			};
			name = Debug;
		};
		AE8BBADB1BAA8C0A002ABAE3 /* Release */ = {
			isa = XCBuildConfiguration;
			buildSettings = {
				INFOPLIST_FILE = DropboxUITests/Info.plist;
				LD_RUNPATH_SEARCH_PATHS = "$(inherited) @executable_path/Frameworks @loader_path/Frameworks";
				PRODUCT_BUNDLE_IDENTIFIER = "Lin-Wang.DropboxUITests";
				PRODUCT_NAME = "$(TARGET_NAME)";
				TEST_TARGET_NAME = Dropbox;
				USES_XCTRUNNER = YES;
			};
			name = Release;
		};
/* End XCBuildConfiguration section */

/* Begin XCConfigurationList section */
		AE8BBAA61BAA8C09002ABAE3 /* Build configuration list for PBXProject "Dropbox" */ = {
			isa = XCConfigurationList;
			buildConfigurations = (
				AE8BBAD11BAA8C0A002ABAE3 /* Debug */,
				AE8BBAD21BAA8C0A002ABAE3 /* Release */,
			);
			defaultConfigurationIsVisible = 0;
			defaultConfigurationName = Release;
		};
		AE8BBAD31BAA8C0A002ABAE3 /* Build configuration list for PBXNativeTarget "Dropbox" */ = {
			isa = XCConfigurationList;
			buildConfigurations = (
				AE8BBAD41BAA8C0A002ABAE3 /* Debug */,
				AE8BBAD51BAA8C0A002ABAE3 /* Release */,
			);
			defaultConfigurationIsVisible = 0;
		};
		AE8BBAD61BAA8C0A002ABAE3 /* Build configuration list for PBXNativeTarget "DropboxTests" */ = {
			isa = XCConfigurationList;
			buildConfigurations = (
				AE8BBAD71BAA8C0A002ABAE3 /* Debug */,
				AE8BBAD81BAA8C0A002ABAE3 /* Release */,
			);
			defaultConfigurationIsVisible = 0;
		};
		AE8BBAD91BAA8C0A002ABAE3 /* Build configuration list for PBXNativeTarget "DropboxUITests" */ = {
			isa = XCConfigurationList;
			buildConfigurations = (
				AE8BBADA1BAA8C0A002ABAE3 /* Debug */,
				AE8BBADB1BAA8C0A002ABAE3 /* Release */,
			);
			defaultConfigurationIsVisible = 0;
		};
/* End XCConfigurationList section */
	};
	rootObject = AE8BBAA31BAA8C09002ABAE3 /* Project object */;
}
